
Microsoft Visual Studio Solution File, Format Version 12.00
# Visual Studio Version 16
VisualStudioVersion = 16.0.30621.155
MinimumVisualStudioVersion = 10.0.40219.1
Project("{8BC9CEB8-8B4A-11D0-8D11-00A0C91BC942}") = "2021", "2021\2021.vcxproj", "{97E2AB04-C998-4580-935B-B88B72E24676}"
EndProject
Project("{8BC9CEB8-8B4A-11D0-8D11-00A0C91BC942}") = "D", "Q\Q.vcxproj", "{13940EA9-BA0F-4A49-B996-59A26E46FB00}"
EndProject
Project("{8BC9CEB8-8B4A-11D0-8D11-00A0C91BC942}") = "ARRAY", "ARRAY\ARRAY.vcxproj", "{D5EFC6B4-9B46-4335-8559-B1D13CE7AE4F}"
EndProject
Project("{8BC9CEB8-8B4A-11D0-8D11-00A0C91BC942}") = "file", "file\file.vcxproj", "{0CC2998D-365F-46FD-B55A-787002F7DEB5}"
EndProject
Project("{8BC9CEB8-8B4A-11D0-8D11-00A0C91BC942}") = "vectorpointer", "vectorpointer\vectorpointer.vcxproj", "{E55F2B3A-A852-4A4A-B5DE-D5A31D77BAD4}"
EndProject
Project("{8BC9CEB8-8B4A-11D0-8D11-00A0C91BC942}") = "pointer", "pointer\pointer.vcxproj", "{98B18EF6-6278-42C9-A71D-74EE7D4EF8E9}"
EndProject
Project("{8BC9CEB8-8B4A-11D0-8D11-00A0C91BC942}") = "test", "test\test.vcxproj", "{FA414CC3-242D-4768-9E71-25F3CD68D97B}"
EndProject
Project("{8BC9CEB8-8B4A-11D0-8D11-00A0C91BC942}") = "codeforce", "codeforce\codeforce.vcxproj", "{FE423227-2633-4469-9DD6-229D8FE7BAE5}"
EndProject
Project("{8BC9CEB8-8B4A-11D0-8D11-00A0C91BC942}") = "Project1", "Project1\Project1.vcxproj", "{C86CB129-8BE5-451E-B5A2-D147FDFA8519}"
EndProject
Project("{8BC9CEB8-8B4A-11D0-8D11-00A0C91BC942}") = "operator", "operator\operator.vcxproj", "{8855BDA6-03D7-4600-9F61-449D6337A039}"
EndProject
Project("{8BC9CEB8-8B4A-11D0-8D11-00A0C91BC942}") = "Ex_W04", "Ex_W04\Ex_W04.vcxproj", "{1601A7E0-8C73-4A85-8B77-EAEC163FA640}"
EndProject
Project("{8BC9CEB8-8B4A-11D0-8D11-00A0C91BC942}") = "arrayPointer", "arrayPointer\arrayPointer.vcxproj", "{E771E698-7FE0-4A9F-8903-5A46F4E732CB}"
EndProject
Project("{8BC9CEB8-8B4A-11D0-8D11-00A0C91BC942}") = "linklist", "linklist\linklist.vcxproj", "{BC7332E3-C101-4CD7-8BFF-D8EEB428443F}"
EndProject
Project("{8BC9CEB8-8B4A-11D0-8D11-00A0C91BC942}") = "arrayDynamicWithStruct", "arrayDynamicWithStruct\arrayDynamicWithStruct.vcxproj", "{A96E7DDE-75C3-4E76-9EB5-85B9D94D43DA}"
EndProject
Project("{8BC9CEB8-8B4A-11D0-8D11-00A0C91BC942}") = "saveBin", "saveBin\saveBin.vcxproj", "{960B233B-3A7E-4D2C-817F-AD3C6F25D020}"
EndProject
Project("{8BC9CEB8-8B4A-11D0-8D11-00A0C91BC942}") = "File2", "File2\File2.vcxproj", "{FF09EEA3-919D-493A-8A80-2FAFFC75615B}"
EndProject
Project("{8BC9CEB8-8B4A-11D0-8D11-00A0C91BC942}") = "giaide20920", "giaide20920\giaide20920.vcxproj", "{95AE1454-DA7F-4AA5-A73B-6D1531010B37}"
EndProject
Project("{8BC9CEB8-8B4A-11D0-8D11-00A0C91BC942}") = "file3", "file3\file3.vcxproj", "{14698779-EA22-44DD-9A17-845AD654B849}"
EndProject
Global
	GlobalSection(SolutionConfigurationPlatforms) = preSolution
		Debug|x64 = Debug|x64
		Debug|x86 = Debug|x86
		Release|x64 = Release|x64
		Release|x86 = Release|x86
	EndGlobalSection
	GlobalSection(ProjectConfigurationPlatforms) = postSolution
		{97E2AB04-C998-4580-935B-B88B72E24676}.Debug|x64.ActiveCfg = Debug|x64
		{97E2AB04-C998-4580-935B-B88B72E24676}.Debug|x64.Build.0 = Debug|x64
		{97E2AB04-C998-4580-935B-B88B72E24676}.Debug|x86.ActiveCfg = Debug|Win32
		{97E2AB04-C998-4580-935B-B88B72E24676}.Debug|x86.Build.0 = Debug|Win32
		{97E2AB04-C998-4580-935B-B88B72E24676}.Release|x64.ActiveCfg = Release|x64
		{97E2AB04-C998-4580-935B-B88B72E24676}.Release|x64.Build.0 = Release|x64
		{97E2AB04-C998-4580-935B-B88B72E24676}.Release|x86.ActiveCfg = Release|Win32
		{97E2AB04-C998-4580-935B-B88B72E24676}.Release|x86.Build.0 = Release|Win32
		{13940EA9-BA0F-4A49-B996-59A26E46FB00}.Debug|x64.ActiveCfg = Debug|x64
		{13940EA9-BA0F-4A49-B996-59A26E46FB00}.Debug|x64.Build.0 = Debug|x64
		{13940EA9-BA0F-4A49-B996-59A26E46FB00}.Debug|x86.ActiveCfg = Debug|Win32
		{13940EA9-BA0F-4A49-B996-59A26E46FB00}.Debug|x86.Build.0 = Debug|Win32
		{13940EA9-BA0F-4A49-B996-59A26E46FB00}.Release|x64.ActiveCfg = Release|x64
		{13940EA9-BA0F-4A49-B996-59A26E46FB00}.Release|x64.Build.0 = Release|x64
		{13940EA9-BA0F-4A49-B996-59A26E46FB00}.Release|x86.ActiveCfg = Release|Win32
		{13940EA9-BA0F-4A49-B996-59A26E46FB00}.Release|x86.Build.0 = Release|Win32
		{D5EFC6B4-9B46-4335-8559-B1D13CE7AE4F}.Debug|x64.ActiveCfg = Debug|x64
		{D5EFC6B4-9B46-4335-8559-B1D13CE7AE4F}.Debug|x64.Build.0 = Debug|x64
		{D5EFC6B4-9B46-4335-8559-B1D13CE7AE4F}.Debug|x86.ActiveCfg = Debug|Win32
		{D5EFC6B4-9B46-4335-8559-B1D13CE7AE4F}.Debug|x86.Build.0 = Debug|Win32
		{D5EFC6B4-9B46-4335-8559-B1D13CE7AE4F}.Release|x64.ActiveCfg = Release|x64
		{D5EFC6B4-9B46-4335-8559-B1D13CE7AE4F}.Release|x64.Build.0 = Release|x64
		{D5EFC6B4-9B46-4335-8559-B1D13CE7AE4F}.Release|x86.ActiveCfg = Release|Win32
		{D5EFC6B4-9B46-4335-8559-B1D13CE7AE4F}.Release|x86.Build.0 = Release|Win32
		{0CC2998D-365F-46FD-B55A-787002F7DEB5}.Debug|x64.ActiveCfg = Debug|x64
		{0CC2998D-365F-46FD-B55A-787002F7DEB5}.Debug|x64.Build.0 = Debug|x64
		{0CC2998D-365F-46FD-B55A-787002F7DEB5}.Debug|x86.ActiveCfg = Debug|Win32
		{0CC2998D-365F-46FD-B55A-787002F7DEB5}.Debug|x86.Build.0 = Debug|Win32
		{0CC2998D-365F-46FD-B55A-787002F7DEB5}.Release|x64.ActiveCfg = Release|x64
		{0CC2998D-365F-46FD-B55A-787002F7DEB5}.Release|x64.Build.0 = Release|x64
		{0CC2998D-365F-46FD-B55A-787002F7DEB5}.Release|x86.ActiveCfg = Release|Win32
		{0CC2998D-365F-46FD-B55A-787002F7DEB5}.Release|x86.Build.0 = Release|Win32
		{E55F2B3A-A852-4A4A-B5DE-D5A31D77BAD4}.Debug|x64.ActiveCfg = Debug|x64
		{E55F2B3A-A852-4A4A-B5DE-D5A31D77BAD4}.Debug|x64.Build.0 = Debug|x64
		{E55F2B3A-A852-4A4A-B5DE-D5A31D77BAD4}.Debug|x86.ActiveCfg = Debug|Win32
		{E55F2B3A-A852-4A4A-B5DE-D5A31D77BAD4}.Debug|x86.Build.0 = Debug|Win32
		{E55F2B3A-A852-4A4A-B5DE-D5A31D77BAD4}.Release|x64.ActiveCfg = Release|x64
		{E55F2B3A-A852-4A4A-B5DE-D5A31D77BAD4}.Release|x64.Build.0 = Release|x64
		{E55F2B3A-A852-4A4A-B5DE-D5A31D77BAD4}.Release|x86.ActiveCfg = Release|Win32
		{E55F2B3A-A852-4A4A-B5DE-D5A31D77BAD4}.Release|x86.Build.0 = Release|Win32
		{98B18EF6-6278-42C9-A71D-74EE7D4EF8E9}.Debug|x64.ActiveCfg = Debug|x64
		{98B18EF6-6278-42C9-A71D-74EE7D4EF8E9}.Debug|x64.Build.0 = Debug|x64
		{98B18EF6-6278-42C9-A71D-74EE7D4EF8E9}.Debug|x86.ActiveCfg = Debug|Win32
		{98B18EF6-6278-42C9-A71D-74EE7D4EF8E9}.Debug|x86.Build.0 = Debug|Win32
		{98B18EF6-6278-42C9-A71D-74EE7D4EF8E9}.Release|x64.ActiveCfg = Release|x64
		{98B18EF6-6278-42C9-A71D-74EE7D4EF8E9}.Release|x64.Build.0 = Release|x64
		{98B18EF6-6278-42C9-A71D-74EE7D4EF8E9}.Release|x86.ActiveCfg = Release|Win32
		{98B18EF6-6278-42C9-A71D-74EE7D4EF8E9}.Release|x86.Build.0 = Release|Win32
		{FA414CC3-242D-4768-9E71-25F3CD68D97B}.Debug|x64.ActiveCfg = Debug|x64
		{FA414CC3-242D-4768-9E71-25F3CD68D97B}.Debug|x64.Build.0 = Debug|x64
		{FA414CC3-242D-4768-9E71-25F3CD68D97B}.Debug|x86.ActiveCfg = Debug|Win32
		{FA414CC3-242D-4768-9E71-25F3CD68D97B}.Debug|x86.Build.0 = Debug|Win32
		{FA414CC3-242D-4768-9E71-25F3CD68D97B}.Release|x64.ActiveCfg = Release|x64
		{FA414CC3-242D-4768-9E71-25F3CD68D97B}.Release|x64.Build.0 = Release|x64
		{FA414CC3-242D-4768-9E71-25F3CD68D97B}.Release|x86.ActiveCfg = Release|Win32
		{FA414CC3-242D-4768-9E71-25F3CD68D97B}.Release|x86.Build.0 = Release|Win32
		{FE423227-2633-4469-9DD6-229D8FE7BAE5}.Debug|x64.ActiveCfg = Debug|x64
		{FE423227-2633-4469-9DD6-229D8FE7BAE5}.Debug|x64.Build.0 = Debug|x64
		{FE423227-2633-4469-9DD6-229D8FE7BAE5}.Debug|x86.ActiveCfg = Debug|Win32
		{FE423227-2633-4469-9DD6-229D8FE7BAE5}.Debug|x86.Build.0 = Debug|Win32
		{FE423227-2633-4469-9DD6-229D8FE7BAE5}.Release|x64.ActiveCfg = Release|x64
		{FE423227-2633-4469-9DD6-229D8FE7BAE5}.Release|x64.Build.0 = Release|x64
		{FE423227-2633-4469-9DD6-229D8FE7BAE5}.Release|x86.ActiveCfg = Release|Win32
		{FE423227-2633-4469-9DD6-229D8FE7BAE5}.Release|x86.Build.0 = Release|Win32
		{C86CB129-8BE5-451E-B5A2-D147FDFA8519}.Debug|x64.ActiveCfg = Debug|x64
		{C86CB129-8BE5-451E-B5A2-D147FDFA8519}.Debug|x64.Build.0 = Debug|x64
		{C86CB129-8BE5-451E-B5A2-D147FDFA8519}.Debug|x86.ActiveCfg = Debug|Win32
		{C86CB129-8BE5-451E-B5A2-D147FDFA8519}.Debug|x86.Build.0 = Debug|Win32
		{C86CB129-8BE5-451E-B5A2-D147FDFA8519}.Release|x64.ActiveCfg = Release|x64
		{C86CB129-8BE5-451E-B5A2-D147FDFA8519}.Release|x64.Build.0 = Release|x64
		{C86CB129-8BE5-451E-B5A2-D147FDFA8519}.Release|x86.ActiveCfg = Release|Win32
		{C86CB129-8BE5-451E-B5A2-D147FDFA8519}.Release|x86.Build.0 = Release|Win32
		{8855BDA6-03D7-4600-9F61-449D6337A039}.Debug|x64.ActiveCfg = Debug|x64
		{8855BDA6-03D7-4600-9F61-449D6337A039}.Debug|x64.Build.0 = Debug|x64
		{8855BDA6-03D7-4600-9F61-449D6337A039}.Debug|x86.ActiveCfg = Debug|Win32
		{8855BDA6-03D7-4600-9F61-449D6337A039}.Debug|x86.Build.0 = Debug|Win32
		{8855BDA6-03D7-4600-9F61-449D6337A039}.Release|x64.ActiveCfg = Release|x64
		{8855BDA6-03D7-4600-9F61-449D6337A039}.Release|x64.Build.0 = Release|x64
		{8855BDA6-03D7-4600-9F61-449D6337A039}.Release|x86.ActiveCfg = Release|Win32
		{8855BDA6-03D7-4600-9F61-449D6337A039}.Release|x86.Build.0 = Release|Win32
		{1601A7E0-8C73-4A85-8B77-EAEC163FA640}.Debug|x64.ActiveCfg = Debug|x64
		{1601A7E0-8C73-4A85-8B77-EAEC163FA640}.Debug|x64.Build.0 = Debug|x64
		{1601A7E0-8C73-4A85-8B77-EAEC163FA640}.Debug|x86.ActiveCfg = Debug|Win32
		{1601A7E0-8C73-4A85-8B77-EAEC163FA640}.Debug|x86.Build.0 = Debug|Win32
		{1601A7E0-8C73-4A85-8B77-EAEC163FA640}.Release|x64.ActiveCfg = Release|x64
		{1601A7E0-8C73-4A85-8B77-EAEC163FA640}.Release|x64.Build.0 = Release|x64
		{1601A7E0-8C73-4A85-8B77-EAEC163FA640}.Release|x86.ActiveCfg = Release|Win32
		{1601A7E0-8C73-4A85-8B77-EAEC163FA640}.Release|x86.Build.0 = Release|Win32
		{E771E698-7FE0-4A9F-8903-5A46F4E732CB}.Debug|x64.ActiveCfg = Debug|x64
		{E771E698-7FE0-4A9F-8903-5A46F4E732CB}.Debug|x64.Build.0 = Debug|x64
		{E771E698-7FE0-4A9F-8903-5A46F4E732CB}.Debug|x86.ActiveCfg = Debug|Win32
		{E771E698-7FE0-4A9F-8903-5A46F4E732CB}.Debug|x86.Build.0 = Debug|Win32
		{E771E698-7FE0-4A9F-8903-5A46F4E732CB}.Release|x64.ActiveCfg = Release|x64
		{E771E698-7FE0-4A9F-8903-5A46F4E732CB}.Release|x64.Build.0 = Release|x64
		{E771E698-7FE0-4A9F-8903-5A46F4E732CB}.Release|x86.ActiveCfg = Release|Win32
		{E771E698-7FE0-4A9F-8903-5A46F4E732CB}.Release|x86.Build.0 = Release|Win32
		{BC7332E3-C101-4CD7-8BFF-D8EEB428443F}.Debug|x64.ActiveCfg = Debug|x64
		{BC7332E3-C101-4CD7-8BFF-D8EEB428443F}.Debug|x64.Build.0 = Debug|x64
		{BC7332E3-C101-4CD7-8BFF-D8EEB428443F}.Debug|x86.ActiveCfg = Debug|Win32
		{BC7332E3-C101-4CD7-8BFF-D8EEB428443F}.Debug|x86.Build.0 = Debug|Win32
		{BC7332E3-C101-4CD7-8BFF-D8EEB428443F}.Release|x64.ActiveCfg = Release|x64
		{BC7332E3-C101-4CD7-8BFF-D8EEB428443F}.Release|x64.Build.0 = Release|x64
		{BC7332E3-C101-4CD7-8BFF-D8EEB428443F}.Release|x86.ActiveCfg = Release|Win32
		{BC7332E3-C101-4CD7-8BFF-D8EEB428443F}.Release|x86.Build.0 = Release|Win32
		{A96E7DDE-75C3-4E76-9EB5-85B9D94D43DA}.Debug|x64.ActiveCfg = Debug|x64
		{A96E7DDE-75C3-4E76-9EB5-85B9D94D43DA}.Debug|x64.Build.0 = Debug|x64
		{A96E7DDE-75C3-4E76-9EB5-85B9D94D43DA}.Debug|x86.ActiveCfg = Debug|Win32
		{A96E7DDE-75C3-4E76-9EB5-85B9D94D43DA}.Debug|x86.Build.0 = Debug|Win32
		{A96E7DDE-75C3-4E76-9EB5-85B9D94D43DA}.Release|x64.ActiveCfg = Release|x64
		{A96E7DDE-75C3-4E76-9EB5-85B9D94D43DA}.Release|x64.Build.0 = Release|x64
		{A96E7DDE-75C3-4E76-9EB5-85B9D94D43DA}.Release|x86.ActiveCfg = Release|Win32
		{A96E7DDE-75C3-4E76-9EB5-85B9D94D43DA}.Release|x86.Build.0 = Release|Win32
		{960B233B-3A7E-4D2C-817F-AD3C6F25D020}.Debug|x64.ActiveCfg = Debug|x64
		{960B233B-3A7E-4D2C-817F-AD3C6F25D020}.Debug|x64.Build.0 = Debug|x64
		{960B233B-3A7E-4D2C-817F-AD3C6F25D020}.Debug|x86.ActiveCfg = Debug|Win32
		{960B233B-3A7E-4D2C-817F-AD3C6F25D020}.Debug|x86.Build.0 = Debug|Win32
		{960B233B-3A7E-4D2C-817F-AD3C6F25D020}.Release|x64.ActiveCfg = Release|x64
		{960B233B-3A7E-4D2C-817F-AD3C6F25D020}.Release|x64.Build.0 = Release|x64
		{960B233B-3A7E-4D2C-817F-AD3C6F25D020}.Release|x86.ActiveCfg = Release|Win32
		{960B233B-3A7E-4D2C-817F-AD3C6F25D020}.Release|x86.Build.0 = Release|Win32
		{FF09EEA3-919D-493A-8A80-2FAFFC75615B}.Debug|x64.ActiveCfg = Debug|x64
		{FF09EEA3-919D-493A-8A80-2FAFFC75615B}.Debug|x64.Build.0 = Debug|x64
		{FF09EEA3-919D-493A-8A80-2FAFFC75615B}.Debug|x86.ActiveCfg = Debug|Win32
		{FF09EEA3-919D-493A-8A80-2FAFFC75615B}.Debug|x86.Build.0 = Debug|Win32
		{FF09EEA3-919D-493A-8A80-2FAFFC75615B}.Release|x64.ActiveCfg = Release|x64
		{FF09EEA3-919D-493A-8A80-2FAFFC75615B}.Release|x64.Build.0 = Release|x64
		{FF09EEA3-919D-493A-8A80-2FAFFC75615B}.Release|x86.ActiveCfg = Release|Win32
		{FF09EEA3-919D-493A-8A80-2FAFFC75615B}.Release|x86.Build.0 = Release|Win32
		{95AE1454-DA7F-4AA5-A73B-6D1531010B37}.Debug|x64.ActiveCfg = Debug|x64
		{95AE1454-DA7F-4AA5-A73B-6D1531010B37}.Debug|x64.Build.0 = Debug|x64
		{95AE1454-DA7F-4AA5-A73B-6D1531010B37}.Debug|x86.ActiveCfg = Debug|Win32
		{95AE1454-DA7F-4AA5-A73B-6D1531010B37}.Debug|x86.Build.0 = Debug|Win32
		{95AE1454-DA7F-4AA5-A73B-6D1531010B37}.Release|x64.ActiveCfg = Release|x64
		{95AE1454-DA7F-4AA5-A73B-6D1531010B37}.Release|x64.Build.0 = Release|x64
		{95AE1454-DA7F-4AA5-A73B-6D1531010B37}.Release|x86.ActiveCfg = Release|Win32
		{95AE1454-DA7F-4AA5-A73B-6D1531010B37}.Release|x86.Build.0 = Release|Win32
		{14698779-EA22-44DD-9A17-845AD654B849}.Debug|x64.ActiveCfg = Debug|x64
		{14698779-EA22-44DD-9A17-845AD654B849}.Debug|x64.Build.0 = Debug|x64
		{14698779-EA22-44DD-9A17-845AD654B849}.Debug|x86.ActiveCfg = Debug|Win32
		{14698779-EA22-44DD-9A17-845AD654B849}.Debug|x86.Build.0 = Debug|Win32
		{14698779-EA22-44DD-9A17-845AD654B849}.Release|x64.ActiveCfg = Release|x64
		{14698779-EA22-44DD-9A17-845AD654B849}.Release|x64.Build.0 = Release|x64
		{14698779-EA22-44DD-9A17-845AD654B849}.Release|x86.ActiveCfg = Release|Win32
		{14698779-EA22-44DD-9A17-845AD654B849}.Release|x86.Build.0 = Release|Win32
	EndGlobalSection
	GlobalSection(SolutionProperties) = preSolution
		HideSolutionNode = FALSE
	EndGlobalSection
	GlobalSection(ExtensibilityGlobals) = postSolution
		SolutionGuid = {BE65CE24-1A33-4F6E-9A47-0C13E6112A09}
	EndGlobalSection
EndGlobal
