
Microsoft Visual Studio Solution File, Format Version 12.00
# Visual Studio Version 16
VisualStudioVersion = 16.0.30621.155
MinimumVisualStudioVersion = 10.0.40219.1
Project("{8BC9CEB8-8B4A-11D0-8D11-00A0C91BC942}") = "p42", "p42\p42.vcxproj", "{F2AE1A8A-58AD-436E-8CC5-05E9C1DDD0AB}"
EndProject
Project("{8BC9CEB8-8B4A-11D0-8D11-00A0C91BC942}") = "P46", "P46\P46.vcxproj", "{6E56369B-04A5-4108-A21D-BF82F3C7A1D8}"
EndProject
Project("{8BC9CEB8-8B4A-11D0-8D11-00A0C91BC942}") = "P50", "P50\P50.vcxproj", "{A761A846-BF63-4E81-B3ED-34B9F13B164D}"
EndProject
Project("{8BC9CEB8-8B4A-11D0-8D11-00A0C91BC942}") = "P54", "P54\P54.vcxproj", "{FB05C00F-72E2-460C-BD61-7F71DF07A59B}"
EndProject
Project("{8BC9CEB8-8B4A-11D0-8D11-00A0C91BC942}") = "P58", "P58\P58.vcxproj", "{C7E8C9D9-E5FA-4AE6-9466-A05119970D33}"
EndProject
Project("{8BC9CEB8-8B4A-11D0-8D11-00A0C91BC942}") = "P62", "P62\P62.vcxproj", "{612A0E6B-1CF9-426E-A94B-FCDA84DA0A00}"
EndProject
Project("{8BC9CEB8-8B4A-11D0-8D11-00A0C91BC942}") = "P66", "P66\P66.vcxproj", "{6BF08196-B694-4B3F-9C54-075FBFE8CBEC}"
EndProject
Project("{8BC9CEB8-8B4A-11D0-8D11-00A0C91BC942}") = "P70", "P70\P70.vcxproj", "{822A011E-5320-40CA-8B66-BCA4A376B784}"
EndProject
Project("{8BC9CEB8-8B4A-11D0-8D11-00A0C91BC942}") = "P74", "P74\P74.vcxproj", "{94C578AD-1FA8-496D-BE61-1A5E8F77967F}"
EndProject
Project("{8BC9CEB8-8B4A-11D0-8D11-00A0C91BC942}") = "P78", "P78\P78.vcxproj", "{AD5F7A61-5847-4301-B5BD-809BE2DC8B90}"
EndProject
Global
	GlobalSection(SolutionConfigurationPlatforms) = preSolution
		Debug|x64 = Debug|x64
		Debug|x86 = Debug|x86
		Release|x64 = Release|x64
		Release|x86 = Release|x86
	EndGlobalSection
	GlobalSection(ProjectConfigurationPlatforms) = postSolution
		{F2AE1A8A-58AD-436E-8CC5-05E9C1DDD0AB}.Debug|x64.ActiveCfg = Debug|x64
		{F2AE1A8A-58AD-436E-8CC5-05E9C1DDD0AB}.Debug|x64.Build.0 = Debug|x64
		{F2AE1A8A-58AD-436E-8CC5-05E9C1DDD0AB}.Debug|x86.ActiveCfg = Debug|Win32
		{F2AE1A8A-58AD-436E-8CC5-05E9C1DDD0AB}.Debug|x86.Build.0 = Debug|Win32
		{F2AE1A8A-58AD-436E-8CC5-05E9C1DDD0AB}.Release|x64.ActiveCfg = Release|x64
		{F2AE1A8A-58AD-436E-8CC5-05E9C1DDD0AB}.Release|x64.Build.0 = Release|x64
		{F2AE1A8A-58AD-436E-8CC5-05E9C1DDD0AB}.Release|x86.ActiveCfg = Release|Win32
		{F2AE1A8A-58AD-436E-8CC5-05E9C1DDD0AB}.Release|x86.Build.0 = Release|Win32
		{6E56369B-04A5-4108-A21D-BF82F3C7A1D8}.Debug|x64.ActiveCfg = Debug|x64
		{6E56369B-04A5-4108-A21D-BF82F3C7A1D8}.Debug|x64.Build.0 = Debug|x64
		{6E56369B-04A5-4108-A21D-BF82F3C7A1D8}.Debug|x86.ActiveCfg = Debug|Win32
		{6E56369B-04A5-4108-A21D-BF82F3C7A1D8}.Debug|x86.Build.0 = Debug|Win32
		{6E56369B-04A5-4108-A21D-BF82F3C7A1D8}.Release|x64.ActiveCfg = Release|x64
		{6E56369B-04A5-4108-A21D-BF82F3C7A1D8}.Release|x64.Build.0 = Release|x64
		{6E56369B-04A5-4108-A21D-BF82F3C7A1D8}.Release|x86.ActiveCfg = Release|Win32
		{6E56369B-04A5-4108-A21D-BF82F3C7A1D8}.Release|x86.Build.0 = Release|Win32
		{A761A846-BF63-4E81-B3ED-34B9F13B164D}.Debug|x64.ActiveCfg = Debug|x64
		{A761A846-BF63-4E81-B3ED-34B9F13B164D}.Debug|x64.Build.0 = Debug|x64
		{A761A846-BF63-4E81-B3ED-34B9F13B164D}.Debug|x86.ActiveCfg = Debug|Win32
		{A761A846-BF63-4E81-B3ED-34B9F13B164D}.Debug|x86.Build.0 = Debug|Win32
		{A761A846-BF63-4E81-B3ED-34B9F13B164D}.Release|x64.ActiveCfg = Release|x64
		{A761A846-BF63-4E81-B3ED-34B9F13B164D}.Release|x64.Build.0 = Release|x64
		{A761A846-BF63-4E81-B3ED-34B9F13B164D}.Release|x86.ActiveCfg = Release|Win32
		{A761A846-BF63-4E81-B3ED-34B9F13B164D}.Release|x86.Build.0 = Release|Win32
		{FB05C00F-72E2-460C-BD61-7F71DF07A59B}.Debug|x64.ActiveCfg = Debug|x64
		{FB05C00F-72E2-460C-BD61-7F71DF07A59B}.Debug|x64.Build.0 = Debug|x64
		{FB05C00F-72E2-460C-BD61-7F71DF07A59B}.Debug|x86.ActiveCfg = Debug|Win32
		{FB05C00F-72E2-460C-BD61-7F71DF07A59B}.Debug|x86.Build.0 = Debug|Win32
		{FB05C00F-72E2-460C-BD61-7F71DF07A59B}.Release|x64.ActiveCfg = Release|x64
		{FB05C00F-72E2-460C-BD61-7F71DF07A59B}.Release|x64.Build.0 = Release|x64
		{FB05C00F-72E2-460C-BD61-7F71DF07A59B}.Release|x86.ActiveCfg = Release|Win32
		{FB05C00F-72E2-460C-BD61-7F71DF07A59B}.Release|x86.Build.0 = Release|Win32
		{C7E8C9D9-E5FA-4AE6-9466-A05119970D33}.Debug|x64.ActiveCfg = Debug|x64
		{C7E8C9D9-E5FA-4AE6-9466-A05119970D33}.Debug|x64.Build.0 = Debug|x64
		{C7E8C9D9-E5FA-4AE6-9466-A05119970D33}.Debug|x86.ActiveCfg = Debug|Win32
		{C7E8C9D9-E5FA-4AE6-9466-A05119970D33}.Debug|x86.Build.0 = Debug|Win32
		{C7E8C9D9-E5FA-4AE6-9466-A05119970D33}.Release|x64.ActiveCfg = Release|x64
		{C7E8C9D9-E5FA-4AE6-9466-A05119970D33}.Release|x64.Build.0 = Release|x64
		{C7E8C9D9-E5FA-4AE6-9466-A05119970D33}.Release|x86.ActiveCfg = Release|Win32
		{C7E8C9D9-E5FA-4AE6-9466-A05119970D33}.Release|x86.Build.0 = Release|Win32
		{612A0E6B-1CF9-426E-A94B-FCDA84DA0A00}.Debug|x64.ActiveCfg = Debug|x64
		{612A0E6B-1CF9-426E-A94B-FCDA84DA0A00}.Debug|x64.Build.0 = Debug|x64
		{612A0E6B-1CF9-426E-A94B-FCDA84DA0A00}.Debug|x86.ActiveCfg = Debug|Win32
		{612A0E6B-1CF9-426E-A94B-FCDA84DA0A00}.Debug|x86.Build.0 = Debug|Win32
		{612A0E6B-1CF9-426E-A94B-FCDA84DA0A00}.Release|x64.ActiveCfg = Release|x64
		{612A0E6B-1CF9-426E-A94B-FCDA84DA0A00}.Release|x64.Build.0 = Release|x64
		{612A0E6B-1CF9-426E-A94B-FCDA84DA0A00}.Release|x86.ActiveCfg = Release|Win32
		{612A0E6B-1CF9-426E-A94B-FCDA84DA0A00}.Release|x86.Build.0 = Release|Win32
		{6BF08196-B694-4B3F-9C54-075FBFE8CBEC}.Debug|x64.ActiveCfg = Debug|x64
		{6BF08196-B694-4B3F-9C54-075FBFE8CBEC}.Debug|x64.Build.0 = Debug|x64
		{6BF08196-B694-4B3F-9C54-075FBFE8CBEC}.Debug|x86.ActiveCfg = Debug|Win32
		{6BF08196-B694-4B3F-9C54-075FBFE8CBEC}.Debug|x86.Build.0 = Debug|Win32
		{6BF08196-B694-4B3F-9C54-075FBFE8CBEC}.Release|x64.ActiveCfg = Release|x64
		{6BF08196-B694-4B3F-9C54-075FBFE8CBEC}.Release|x64.Build.0 = Release|x64
		{6BF08196-B694-4B3F-9C54-075FBFE8CBEC}.Release|x86.ActiveCfg = Release|Win32
		{6BF08196-B694-4B3F-9C54-075FBFE8CBEC}.Release|x86.Build.0 = Release|Win32
		{822A011E-5320-40CA-8B66-BCA4A376B784}.Debug|x64.ActiveCfg = Debug|x64
		{822A011E-5320-40CA-8B66-BCA4A376B784}.Debug|x64.Build.0 = Debug|x64
		{822A011E-5320-40CA-8B66-BCA4A376B784}.Debug|x86.ActiveCfg = Debug|Win32
		{822A011E-5320-40CA-8B66-BCA4A376B784}.Debug|x86.Build.0 = Debug|Win32
		{822A011E-5320-40CA-8B66-BCA4A376B784}.Release|x64.ActiveCfg = Release|x64
		{822A011E-5320-40CA-8B66-BCA4A376B784}.Release|x64.Build.0 = Release|x64
		{822A011E-5320-40CA-8B66-BCA4A376B784}.Release|x86.ActiveCfg = Release|Win32
		{822A011E-5320-40CA-8B66-BCA4A376B784}.Release|x86.Build.0 = Release|Win32
		{94C578AD-1FA8-496D-BE61-1A5E8F77967F}.Debug|x64.ActiveCfg = Debug|x64
		{94C578AD-1FA8-496D-BE61-1A5E8F77967F}.Debug|x64.Build.0 = Debug|x64
		{94C578AD-1FA8-496D-BE61-1A5E8F77967F}.Debug|x86.ActiveCfg = Debug|Win32
		{94C578AD-1FA8-496D-BE61-1A5E8F77967F}.Debug|x86.Build.0 = Debug|Win32
		{94C578AD-1FA8-496D-BE61-1A5E8F77967F}.Release|x64.ActiveCfg = Release|x64
		{94C578AD-1FA8-496D-BE61-1A5E8F77967F}.Release|x64.Build.0 = Release|x64
		{94C578AD-1FA8-496D-BE61-1A5E8F77967F}.Release|x86.ActiveCfg = Release|Win32
		{94C578AD-1FA8-496D-BE61-1A5E8F77967F}.Release|x86.Build.0 = Release|Win32
		{AD5F7A61-5847-4301-B5BD-809BE2DC8B90}.Debug|x64.ActiveCfg = Debug|x64
		{AD5F7A61-5847-4301-B5BD-809BE2DC8B90}.Debug|x64.Build.0 = Debug|x64
		{AD5F7A61-5847-4301-B5BD-809BE2DC8B90}.Debug|x86.ActiveCfg = Debug|Win32
		{AD5F7A61-5847-4301-B5BD-809BE2DC8B90}.Debug|x86.Build.0 = Debug|Win32
		{AD5F7A61-5847-4301-B5BD-809BE2DC8B90}.Release|x64.ActiveCfg = Release|x64
		{AD5F7A61-5847-4301-B5BD-809BE2DC8B90}.Release|x64.Build.0 = Release|x64
		{AD5F7A61-5847-4301-B5BD-809BE2DC8B90}.Release|x86.ActiveCfg = Release|Win32
		{AD5F7A61-5847-4301-B5BD-809BE2DC8B90}.Release|x86.Build.0 = Release|Win32
	EndGlobalSection
	GlobalSection(SolutionProperties) = preSolution
		HideSolutionNode = FALSE
	EndGlobalSection
	GlobalSection(ExtensibilityGlobals) = postSolution
		SolutionGuid = {AE2AA9A4-C641-444E-A426-2773DA42BCA1}
	EndGlobalSection
EndGlobal
