
Microsoft Visual Studio Solution File, Format Version 12.00
# Visual Studio Version 16
VisualStudioVersion = 16.0.30621.155
MinimumVisualStudioVersion = 10.0.40219.1
Project("{8BC9CEB8-8B4A-11D0-8D11-00A0C91BC942}") = "P03", "P03\P03.vcxproj", "{C84BF8DE-8A58-4C7D-AF2A-84185A09A6E9}"
EndProject
Project("{8BC9CEB8-8B4A-11D0-8D11-00A0C91BC942}") = "P08", "P08\P08.vcxproj", "{09ADB7AF-A71C-49DE-B30F-8CC192CA366C}"
EndProject
Project("{8BC9CEB8-8B4A-11D0-8D11-00A0C91BC942}") = "P09", "P09\P09.vcxproj", "{9F040415-4D26-432D-915D-6135C00391F0}"
EndProject
Project("{8BC9CEB8-8B4A-11D0-8D11-00A0C91BC942}") = "P10", "P10\P10.vcxproj", "{71C6B3B1-B4A6-44B9-B81F-86E2EE7DE5C0}"
EndProject
Project("{8BC9CEB8-8B4A-11D0-8D11-00A0C91BC942}") = "P12", "P12\P12.vcxproj", "{7643ABB8-59B7-46B4-B89D-C50696C951A5}"
EndProject
Project("{8BC9CEB8-8B4A-11D0-8D11-00A0C91BC942}") = "P13", "P13\P13.vcxproj", "{BCCDFF48-45DB-4785-B168-1385B2376D50}"
EndProject
Project("{8BC9CEB8-8B4A-11D0-8D11-00A0C91BC942}") = "P14", "P14\P14.vcxproj", "{904BB310-3238-407E-8DBA-BD40138A04EB}"
EndProject
Project("{8BC9CEB8-8B4A-11D0-8D11-00A0C91BC942}") = "P15", "P15\P15.vcxproj", "{542C611A-BA12-4286-B2A1-DF4F12709E02}"
EndProject
Project("{8BC9CEB8-8B4A-11D0-8D11-00A0C91BC942}") = "P21", "P21\P21.vcxproj", "{CE2D2A09-BCC7-4EAE-9967-3C793BC8C4FF}"
EndProject
Project("{8BC9CEB8-8B4A-11D0-8D11-00A0C91BC942}") = "P27", "P27\P27.vcxproj", "{95923058-85FF-4266-8257-746ED453EE00}"
EndProject
Global
	GlobalSection(SolutionConfigurationPlatforms) = preSolution
		Debug|x64 = Debug|x64
		Debug|x86 = Debug|x86
		Release|x64 = Release|x64
		Release|x86 = Release|x86
	EndGlobalSection
	GlobalSection(ProjectConfigurationPlatforms) = postSolution
		{C84BF8DE-8A58-4C7D-AF2A-84185A09A6E9}.Debug|x64.ActiveCfg = Debug|x64
		{C84BF8DE-8A58-4C7D-AF2A-84185A09A6E9}.Debug|x64.Build.0 = Debug|x64
		{C84BF8DE-8A58-4C7D-AF2A-84185A09A6E9}.Debug|x86.ActiveCfg = Debug|Win32
		{C84BF8DE-8A58-4C7D-AF2A-84185A09A6E9}.Debug|x86.Build.0 = Debug|Win32
		{C84BF8DE-8A58-4C7D-AF2A-84185A09A6E9}.Release|x64.ActiveCfg = Release|x64
		{C84BF8DE-8A58-4C7D-AF2A-84185A09A6E9}.Release|x64.Build.0 = Release|x64
		{C84BF8DE-8A58-4C7D-AF2A-84185A09A6E9}.Release|x86.ActiveCfg = Release|Win32
		{C84BF8DE-8A58-4C7D-AF2A-84185A09A6E9}.Release|x86.Build.0 = Release|Win32
		{09ADB7AF-A71C-49DE-B30F-8CC192CA366C}.Debug|x64.ActiveCfg = Debug|x64
		{09ADB7AF-A71C-49DE-B30F-8CC192CA366C}.Debug|x64.Build.0 = Debug|x64
		{09ADB7AF-A71C-49DE-B30F-8CC192CA366C}.Debug|x86.ActiveCfg = Debug|Win32
		{09ADB7AF-A71C-49DE-B30F-8CC192CA366C}.Debug|x86.Build.0 = Debug|Win32
		{09ADB7AF-A71C-49DE-B30F-8CC192CA366C}.Release|x64.ActiveCfg = Release|x64
		{09ADB7AF-A71C-49DE-B30F-8CC192CA366C}.Release|x64.Build.0 = Release|x64
		{09ADB7AF-A71C-49DE-B30F-8CC192CA366C}.Release|x86.ActiveCfg = Release|Win32
		{09ADB7AF-A71C-49DE-B30F-8CC192CA366C}.Release|x86.Build.0 = Release|Win32
		{9F040415-4D26-432D-915D-6135C00391F0}.Debug|x64.ActiveCfg = Debug|x64
		{9F040415-4D26-432D-915D-6135C00391F0}.Debug|x64.Build.0 = Debug|x64
		{9F040415-4D26-432D-915D-6135C00391F0}.Debug|x86.ActiveCfg = Debug|Win32
		{9F040415-4D26-432D-915D-6135C00391F0}.Debug|x86.Build.0 = Debug|Win32
		{9F040415-4D26-432D-915D-6135C00391F0}.Release|x64.ActiveCfg = Release|x64
		{9F040415-4D26-432D-915D-6135C00391F0}.Release|x64.Build.0 = Release|x64
		{9F040415-4D26-432D-915D-6135C00391F0}.Release|x86.ActiveCfg = Release|Win32
		{9F040415-4D26-432D-915D-6135C00391F0}.Release|x86.Build.0 = Release|Win32
		{71C6B3B1-B4A6-44B9-B81F-86E2EE7DE5C0}.Debug|x64.ActiveCfg = Debug|x64
		{71C6B3B1-B4A6-44B9-B81F-86E2EE7DE5C0}.Debug|x64.Build.0 = Debug|x64
		{71C6B3B1-B4A6-44B9-B81F-86E2EE7DE5C0}.Debug|x86.ActiveCfg = Debug|Win32
		{71C6B3B1-B4A6-44B9-B81F-86E2EE7DE5C0}.Debug|x86.Build.0 = Debug|Win32
		{71C6B3B1-B4A6-44B9-B81F-86E2EE7DE5C0}.Release|x64.ActiveCfg = Release|x64
		{71C6B3B1-B4A6-44B9-B81F-86E2EE7DE5C0}.Release|x64.Build.0 = Release|x64
		{71C6B3B1-B4A6-44B9-B81F-86E2EE7DE5C0}.Release|x86.ActiveCfg = Release|Win32
		{71C6B3B1-B4A6-44B9-B81F-86E2EE7DE5C0}.Release|x86.Build.0 = Release|Win32
		{7643ABB8-59B7-46B4-B89D-C50696C951A5}.Debug|x64.ActiveCfg = Debug|x64
		{7643ABB8-59B7-46B4-B89D-C50696C951A5}.Debug|x64.Build.0 = Debug|x64
		{7643ABB8-59B7-46B4-B89D-C50696C951A5}.Debug|x86.ActiveCfg = Debug|Win32
		{7643ABB8-59B7-46B4-B89D-C50696C951A5}.Debug|x86.Build.0 = Debug|Win32
		{7643ABB8-59B7-46B4-B89D-C50696C951A5}.Release|x64.ActiveCfg = Release|x64
		{7643ABB8-59B7-46B4-B89D-C50696C951A5}.Release|x64.Build.0 = Release|x64
		{7643ABB8-59B7-46B4-B89D-C50696C951A5}.Release|x86.ActiveCfg = Release|Win32
		{7643ABB8-59B7-46B4-B89D-C50696C951A5}.Release|x86.Build.0 = Release|Win32
		{BCCDFF48-45DB-4785-B168-1385B2376D50}.Debug|x64.ActiveCfg = Debug|x64
		{BCCDFF48-45DB-4785-B168-1385B2376D50}.Debug|x64.Build.0 = Debug|x64
		{BCCDFF48-45DB-4785-B168-1385B2376D50}.Debug|x86.ActiveCfg = Debug|Win32
		{BCCDFF48-45DB-4785-B168-1385B2376D50}.Debug|x86.Build.0 = Debug|Win32
		{BCCDFF48-45DB-4785-B168-1385B2376D50}.Release|x64.ActiveCfg = Release|x64
		{BCCDFF48-45DB-4785-B168-1385B2376D50}.Release|x64.Build.0 = Release|x64
		{BCCDFF48-45DB-4785-B168-1385B2376D50}.Release|x86.ActiveCfg = Release|Win32
		{BCCDFF48-45DB-4785-B168-1385B2376D50}.Release|x86.Build.0 = Release|Win32
		{904BB310-3238-407E-8DBA-BD40138A04EB}.Debug|x64.ActiveCfg = Debug|x64
		{904BB310-3238-407E-8DBA-BD40138A04EB}.Debug|x64.Build.0 = Debug|x64
		{904BB310-3238-407E-8DBA-BD40138A04EB}.Debug|x86.ActiveCfg = Debug|Win32
		{904BB310-3238-407E-8DBA-BD40138A04EB}.Debug|x86.Build.0 = Debug|Win32
		{904BB310-3238-407E-8DBA-BD40138A04EB}.Release|x64.ActiveCfg = Release|x64
		{904BB310-3238-407E-8DBA-BD40138A04EB}.Release|x64.Build.0 = Release|x64
		{904BB310-3238-407E-8DBA-BD40138A04EB}.Release|x86.ActiveCfg = Release|Win32
		{904BB310-3238-407E-8DBA-BD40138A04EB}.Release|x86.Build.0 = Release|Win32
		{542C611A-BA12-4286-B2A1-DF4F12709E02}.Debug|x64.ActiveCfg = Debug|x64
		{542C611A-BA12-4286-B2A1-DF4F12709E02}.Debug|x64.Build.0 = Debug|x64
		{542C611A-BA12-4286-B2A1-DF4F12709E02}.Debug|x86.ActiveCfg = Debug|Win32
		{542C611A-BA12-4286-B2A1-DF4F12709E02}.Debug|x86.Build.0 = Debug|Win32
		{542C611A-BA12-4286-B2A1-DF4F12709E02}.Release|x64.ActiveCfg = Release|x64
		{542C611A-BA12-4286-B2A1-DF4F12709E02}.Release|x64.Build.0 = Release|x64
		{542C611A-BA12-4286-B2A1-DF4F12709E02}.Release|x86.ActiveCfg = Release|Win32
		{542C611A-BA12-4286-B2A1-DF4F12709E02}.Release|x86.Build.0 = Release|Win32
		{CE2D2A09-BCC7-4EAE-9967-3C793BC8C4FF}.Debug|x64.ActiveCfg = Debug|x64
		{CE2D2A09-BCC7-4EAE-9967-3C793BC8C4FF}.Debug|x64.Build.0 = Debug|x64
		{CE2D2A09-BCC7-4EAE-9967-3C793BC8C4FF}.Debug|x86.ActiveCfg = Debug|Win32
		{CE2D2A09-BCC7-4EAE-9967-3C793BC8C4FF}.Debug|x86.Build.0 = Debug|Win32
		{CE2D2A09-BCC7-4EAE-9967-3C793BC8C4FF}.Release|x64.ActiveCfg = Release|x64
		{CE2D2A09-BCC7-4EAE-9967-3C793BC8C4FF}.Release|x64.Build.0 = Release|x64
		{CE2D2A09-BCC7-4EAE-9967-3C793BC8C4FF}.Release|x86.ActiveCfg = Release|Win32
		{CE2D2A09-BCC7-4EAE-9967-3C793BC8C4FF}.Release|x86.Build.0 = Release|Win32
		{95923058-85FF-4266-8257-746ED453EE00}.Debug|x64.ActiveCfg = Debug|x64
		{95923058-85FF-4266-8257-746ED453EE00}.Debug|x64.Build.0 = Debug|x64
		{95923058-85FF-4266-8257-746ED453EE00}.Debug|x86.ActiveCfg = Debug|Win32
		{95923058-85FF-4266-8257-746ED453EE00}.Debug|x86.Build.0 = Debug|Win32
		{95923058-85FF-4266-8257-746ED453EE00}.Release|x64.ActiveCfg = Release|x64
		{95923058-85FF-4266-8257-746ED453EE00}.Release|x64.Build.0 = Release|x64
		{95923058-85FF-4266-8257-746ED453EE00}.Release|x86.ActiveCfg = Release|Win32
		{95923058-85FF-4266-8257-746ED453EE00}.Release|x86.Build.0 = Release|Win32
	EndGlobalSection
	GlobalSection(SolutionProperties) = preSolution
		HideSolutionNode = FALSE
	EndGlobalSection
	GlobalSection(ExtensibilityGlobals) = postSolution
		SolutionGuid = {4DC3DBF4-85D7-418E-90DD-EB2727AA616E}
	EndGlobalSection
EndGlobal
