
Microsoft Visual Studio Solution File, Format Version 12.00
# Visual Studio Version 16
VisualStudioVersion = 16.0.30621.155
MinimumVisualStudioVersion = 10.0.40219.1
Project("{8BC9CEB8-8B4A-11D0-8D11-00A0C91BC942}") = "P13", "P13\P13.vcxproj", "{9DEF3465-A34B-4637-B257-ACEB265E7806}"
EndProject
Project("{8BC9CEB8-8B4A-11D0-8D11-00A0C91BC942}") = "P16", "P16\P16.vcxproj", "{7DBC5544-4DD7-4E74-B139-7B943DDBA0C3}"
EndProject
Project("{8BC9CEB8-8B4A-11D0-8D11-00A0C91BC942}") = "P17", "P17\P17.vcxproj", "{9E8854F6-9FE8-44CA-A9D3-4A7DD7432B6A}"
EndProject
Project("{8BC9CEB8-8B4A-11D0-8D11-00A0C91BC942}") = "P18", "P18\P18.vcxproj", "{E5CC0514-0ED0-426E-920F-00BC57EDA615}"
EndProject
Project("{8BC9CEB8-8B4A-11D0-8D11-00A0C91BC942}") = "P19", "P19\P19.vcxproj", "{23000EA3-1BD8-4FFB-94B6-F2743BD27338}"
EndProject
Project("{8BC9CEB8-8B4A-11D0-8D11-00A0C91BC942}") = "P23", "P23\P23.vcxproj", "{F5F79DA7-09C0-4F7B-B14F-3490C5401037}"
EndProject
Project("{8BC9CEB8-8B4A-11D0-8D11-00A0C91BC942}") = "P24", "P24\P24.vcxproj", "{8D8A1324-C5F4-4E64-84F2-2A23BE81EA4C}"
EndProject
Project("{8BC9CEB8-8B4A-11D0-8D11-00A0C91BC942}") = "P25", "P25\P25.vcxproj", "{3D657EBE-9F13-4388-8A18-A4AA9423D610}"
EndProject
Project("{8BC9CEB8-8B4A-11D0-8D11-00A0C91BC942}") = "P10", "P10\P10.vcxproj", "{C1EFA642-E7B1-42E6-B755-650314E7A514}"
EndProject
Project("{8BC9CEB8-8B4A-11D0-8D11-00A0C91BC942}") = "Project1", "Project1\Project1.vcxproj", "{76AD0D03-D084-4696-8D35-11A35B614E3A}"
EndProject
Project("{8BC9CEB8-8B4A-11D0-8D11-00A0C91BC942}") = "P15", "P15\P15.vcxproj", "{29A438F4-3E6C-4D8A-96C0-FA8B12729D1B}"
EndProject
Global
	GlobalSection(SolutionConfigurationPlatforms) = preSolution
		Debug|x64 = Debug|x64
		Debug|x86 = Debug|x86
		Release|x64 = Release|x64
		Release|x86 = Release|x86
	EndGlobalSection
	GlobalSection(ProjectConfigurationPlatforms) = postSolution
		{9DEF3465-A34B-4637-B257-ACEB265E7806}.Debug|x64.ActiveCfg = Debug|x64
		{9DEF3465-A34B-4637-B257-ACEB265E7806}.Debug|x64.Build.0 = Debug|x64
		{9DEF3465-A34B-4637-B257-ACEB265E7806}.Debug|x86.ActiveCfg = Debug|Win32
		{9DEF3465-A34B-4637-B257-ACEB265E7806}.Debug|x86.Build.0 = Debug|Win32
		{9DEF3465-A34B-4637-B257-ACEB265E7806}.Release|x64.ActiveCfg = Release|x64
		{9DEF3465-A34B-4637-B257-ACEB265E7806}.Release|x64.Build.0 = Release|x64
		{9DEF3465-A34B-4637-B257-ACEB265E7806}.Release|x86.ActiveCfg = Release|Win32
		{9DEF3465-A34B-4637-B257-ACEB265E7806}.Release|x86.Build.0 = Release|Win32
		{7DBC5544-4DD7-4E74-B139-7B943DDBA0C3}.Debug|x64.ActiveCfg = Debug|x64
		{7DBC5544-4DD7-4E74-B139-7B943DDBA0C3}.Debug|x64.Build.0 = Debug|x64
		{7DBC5544-4DD7-4E74-B139-7B943DDBA0C3}.Debug|x86.ActiveCfg = Debug|Win32
		{7DBC5544-4DD7-4E74-B139-7B943DDBA0C3}.Debug|x86.Build.0 = Debug|Win32
		{7DBC5544-4DD7-4E74-B139-7B943DDBA0C3}.Release|x64.ActiveCfg = Release|x64
		{7DBC5544-4DD7-4E74-B139-7B943DDBA0C3}.Release|x64.Build.0 = Release|x64
		{7DBC5544-4DD7-4E74-B139-7B943DDBA0C3}.Release|x86.ActiveCfg = Release|Win32
		{7DBC5544-4DD7-4E74-B139-7B943DDBA0C3}.Release|x86.Build.0 = Release|Win32
		{9E8854F6-9FE8-44CA-A9D3-4A7DD7432B6A}.Debug|x64.ActiveCfg = Debug|x64
		{9E8854F6-9FE8-44CA-A9D3-4A7DD7432B6A}.Debug|x64.Build.0 = Debug|x64
		{9E8854F6-9FE8-44CA-A9D3-4A7DD7432B6A}.Debug|x86.ActiveCfg = Debug|Win32
		{9E8854F6-9FE8-44CA-A9D3-4A7DD7432B6A}.Debug|x86.Build.0 = Debug|Win32
		{9E8854F6-9FE8-44CA-A9D3-4A7DD7432B6A}.Release|x64.ActiveCfg = Release|x64
		{9E8854F6-9FE8-44CA-A9D3-4A7DD7432B6A}.Release|x64.Build.0 = Release|x64
		{9E8854F6-9FE8-44CA-A9D3-4A7DD7432B6A}.Release|x86.ActiveCfg = Release|Win32
		{9E8854F6-9FE8-44CA-A9D3-4A7DD7432B6A}.Release|x86.Build.0 = Release|Win32
		{E5CC0514-0ED0-426E-920F-00BC57EDA615}.Debug|x64.ActiveCfg = Debug|x64
		{E5CC0514-0ED0-426E-920F-00BC57EDA615}.Debug|x64.Build.0 = Debug|x64
		{E5CC0514-0ED0-426E-920F-00BC57EDA615}.Debug|x86.ActiveCfg = Debug|Win32
		{E5CC0514-0ED0-426E-920F-00BC57EDA615}.Debug|x86.Build.0 = Debug|Win32
		{E5CC0514-0ED0-426E-920F-00BC57EDA615}.Release|x64.ActiveCfg = Release|x64
		{E5CC0514-0ED0-426E-920F-00BC57EDA615}.Release|x64.Build.0 = Release|x64
		{E5CC0514-0ED0-426E-920F-00BC57EDA615}.Release|x86.ActiveCfg = Release|Win32
		{E5CC0514-0ED0-426E-920F-00BC57EDA615}.Release|x86.Build.0 = Release|Win32
		{23000EA3-1BD8-4FFB-94B6-F2743BD27338}.Debug|x64.ActiveCfg = Debug|x64
		{23000EA3-1BD8-4FFB-94B6-F2743BD27338}.Debug|x64.Build.0 = Debug|x64
		{23000EA3-1BD8-4FFB-94B6-F2743BD27338}.Debug|x86.ActiveCfg = Debug|Win32
		{23000EA3-1BD8-4FFB-94B6-F2743BD27338}.Debug|x86.Build.0 = Debug|Win32
		{23000EA3-1BD8-4FFB-94B6-F2743BD27338}.Release|x64.ActiveCfg = Release|x64
		{23000EA3-1BD8-4FFB-94B6-F2743BD27338}.Release|x64.Build.0 = Release|x64
		{23000EA3-1BD8-4FFB-94B6-F2743BD27338}.Release|x86.ActiveCfg = Release|Win32
		{23000EA3-1BD8-4FFB-94B6-F2743BD27338}.Release|x86.Build.0 = Release|Win32
		{F5F79DA7-09C0-4F7B-B14F-3490C5401037}.Debug|x64.ActiveCfg = Debug|x64
		{F5F79DA7-09C0-4F7B-B14F-3490C5401037}.Debug|x64.Build.0 = Debug|x64
		{F5F79DA7-09C0-4F7B-B14F-3490C5401037}.Debug|x86.ActiveCfg = Debug|Win32
		{F5F79DA7-09C0-4F7B-B14F-3490C5401037}.Debug|x86.Build.0 = Debug|Win32
		{F5F79DA7-09C0-4F7B-B14F-3490C5401037}.Release|x64.ActiveCfg = Release|x64
		{F5F79DA7-09C0-4F7B-B14F-3490C5401037}.Release|x64.Build.0 = Release|x64
		{F5F79DA7-09C0-4F7B-B14F-3490C5401037}.Release|x86.ActiveCfg = Release|Win32
		{F5F79DA7-09C0-4F7B-B14F-3490C5401037}.Release|x86.Build.0 = Release|Win32
		{8D8A1324-C5F4-4E64-84F2-2A23BE81EA4C}.Debug|x64.ActiveCfg = Debug|x64
		{8D8A1324-C5F4-4E64-84F2-2A23BE81EA4C}.Debug|x64.Build.0 = Debug|x64
		{8D8A1324-C5F4-4E64-84F2-2A23BE81EA4C}.Debug|x86.ActiveCfg = Debug|Win32
		{8D8A1324-C5F4-4E64-84F2-2A23BE81EA4C}.Debug|x86.Build.0 = Debug|Win32
		{8D8A1324-C5F4-4E64-84F2-2A23BE81EA4C}.Release|x64.ActiveCfg = Release|x64
		{8D8A1324-C5F4-4E64-84F2-2A23BE81EA4C}.Release|x64.Build.0 = Release|x64
		{8D8A1324-C5F4-4E64-84F2-2A23BE81EA4C}.Release|x86.ActiveCfg = Release|Win32
		{8D8A1324-C5F4-4E64-84F2-2A23BE81EA4C}.Release|x86.Build.0 = Release|Win32
		{3D657EBE-9F13-4388-8A18-A4AA9423D610}.Debug|x64.ActiveCfg = Debug|x64
		{3D657EBE-9F13-4388-8A18-A4AA9423D610}.Debug|x64.Build.0 = Debug|x64
		{3D657EBE-9F13-4388-8A18-A4AA9423D610}.Debug|x86.ActiveCfg = Debug|Win32
		{3D657EBE-9F13-4388-8A18-A4AA9423D610}.Debug|x86.Build.0 = Debug|Win32
		{3D657EBE-9F13-4388-8A18-A4AA9423D610}.Release|x64.ActiveCfg = Release|x64
		{3D657EBE-9F13-4388-8A18-A4AA9423D610}.Release|x64.Build.0 = Release|x64
		{3D657EBE-9F13-4388-8A18-A4AA9423D610}.Release|x86.ActiveCfg = Release|Win32
		{3D657EBE-9F13-4388-8A18-A4AA9423D610}.Release|x86.Build.0 = Release|Win32
		{C1EFA642-E7B1-42E6-B755-650314E7A514}.Debug|x64.ActiveCfg = Debug|x64
		{C1EFA642-E7B1-42E6-B755-650314E7A514}.Debug|x64.Build.0 = Debug|x64
		{C1EFA642-E7B1-42E6-B755-650314E7A514}.Debug|x86.ActiveCfg = Debug|Win32
		{C1EFA642-E7B1-42E6-B755-650314E7A514}.Debug|x86.Build.0 = Debug|Win32
		{C1EFA642-E7B1-42E6-B755-650314E7A514}.Release|x64.ActiveCfg = Release|x64
		{C1EFA642-E7B1-42E6-B755-650314E7A514}.Release|x64.Build.0 = Release|x64
		{C1EFA642-E7B1-42E6-B755-650314E7A514}.Release|x86.ActiveCfg = Release|Win32
		{C1EFA642-E7B1-42E6-B755-650314E7A514}.Release|x86.Build.0 = Release|Win32
		{76AD0D03-D084-4696-8D35-11A35B614E3A}.Debug|x64.ActiveCfg = Debug|x64
		{76AD0D03-D084-4696-8D35-11A35B614E3A}.Debug|x64.Build.0 = Debug|x64
		{76AD0D03-D084-4696-8D35-11A35B614E3A}.Debug|x86.ActiveCfg = Debug|Win32
		{76AD0D03-D084-4696-8D35-11A35B614E3A}.Debug|x86.Build.0 = Debug|Win32
		{76AD0D03-D084-4696-8D35-11A35B614E3A}.Release|x64.ActiveCfg = Release|x64
		{76AD0D03-D084-4696-8D35-11A35B614E3A}.Release|x64.Build.0 = Release|x64
		{76AD0D03-D084-4696-8D35-11A35B614E3A}.Release|x86.ActiveCfg = Release|Win32
		{76AD0D03-D084-4696-8D35-11A35B614E3A}.Release|x86.Build.0 = Release|Win32
		{29A438F4-3E6C-4D8A-96C0-FA8B12729D1B}.Debug|x64.ActiveCfg = Debug|x64
		{29A438F4-3E6C-4D8A-96C0-FA8B12729D1B}.Debug|x64.Build.0 = Debug|x64
		{29A438F4-3E6C-4D8A-96C0-FA8B12729D1B}.Debug|x86.ActiveCfg = Debug|Win32
		{29A438F4-3E6C-4D8A-96C0-FA8B12729D1B}.Debug|x86.Build.0 = Debug|Win32
		{29A438F4-3E6C-4D8A-96C0-FA8B12729D1B}.Release|x64.ActiveCfg = Release|x64
		{29A438F4-3E6C-4D8A-96C0-FA8B12729D1B}.Release|x64.Build.0 = Release|x64
		{29A438F4-3E6C-4D8A-96C0-FA8B12729D1B}.Release|x86.ActiveCfg = Release|Win32
		{29A438F4-3E6C-4D8A-96C0-FA8B12729D1B}.Release|x86.Build.0 = Release|Win32
	EndGlobalSection
	GlobalSection(SolutionProperties) = preSolution
		HideSolutionNode = FALSE
	EndGlobalSection
	GlobalSection(ExtensibilityGlobals) = postSolution
		SolutionGuid = {C8746DFC-51A4-47E7-8988-4032E1959D79}
	EndGlobalSection
EndGlobal
