
Microsoft Visual Studio Solution File, Format Version 12.00
# Visual Studio Version 16
VisualStudioVersion = 16.0.30621.155
MinimumVisualStudioVersion = 10.0.40219.1
Project("{8BC9CEB8-8B4A-11D0-8D11-00A0C91BC942}") = "P06", "P06\P06.vcxproj", "{AB7B42DB-B704-4CD3-AAC6-5EA66D9F4965}"
EndProject
Project("{8BC9CEB8-8B4A-11D0-8D11-00A0C91BC942}") = "P38A", "P38A\P38A.vcxproj", "{E1354F09-601F-4F26-84FB-D74079C215D2}"
EndProject
Project("{8BC9CEB8-8B4A-11D0-8D11-00A0C91BC942}") = "P34A", "P34A\P34A.vcxproj", "{868FA8A3-D42A-458E-AD66-11D8ECE98152}"
EndProject
Project("{8BC9CEB8-8B4A-11D0-8D11-00A0C91BC942}") = "P31A", "P31A\P31A.vcxproj", "{F6BFE7BE-AEF1-4A3F-9DB7-567ED2B945E5}"
EndProject
Project("{8BC9CEB8-8B4A-11D0-8D11-00A0C91BC942}") = "P40A", "P40A\P40A.vcxproj", "{EF015566-65D5-4B40-9A3F-D8D622A727B7}"
EndProject
Project("{8BC9CEB8-8B4A-11D0-8D11-00A0C91BC942}") = "P32A", "P32A\P32A.vcxproj", "{2079F408-E602-489F-AA0D-19B0EABACE81}"
EndProject
Global
	GlobalSection(SolutionConfigurationPlatforms) = preSolution
		Debug|x64 = Debug|x64
		Debug|x86 = Debug|x86
		Release|x64 = Release|x64
		Release|x86 = Release|x86
	EndGlobalSection
	GlobalSection(ProjectConfigurationPlatforms) = postSolution
		{AB7B42DB-B704-4CD3-AAC6-5EA66D9F4965}.Debug|x64.ActiveCfg = Debug|x64
		{AB7B42DB-B704-4CD3-AAC6-5EA66D9F4965}.Debug|x64.Build.0 = Debug|x64
		{AB7B42DB-B704-4CD3-AAC6-5EA66D9F4965}.Debug|x86.ActiveCfg = Debug|Win32
		{AB7B42DB-B704-4CD3-AAC6-5EA66D9F4965}.Debug|x86.Build.0 = Debug|Win32
		{AB7B42DB-B704-4CD3-AAC6-5EA66D9F4965}.Release|x64.ActiveCfg = Release|x64
		{AB7B42DB-B704-4CD3-AAC6-5EA66D9F4965}.Release|x64.Build.0 = Release|x64
		{AB7B42DB-B704-4CD3-AAC6-5EA66D9F4965}.Release|x86.ActiveCfg = Release|Win32
		{AB7B42DB-B704-4CD3-AAC6-5EA66D9F4965}.Release|x86.Build.0 = Release|Win32
		{E1354F09-601F-4F26-84FB-D74079C215D2}.Debug|x64.ActiveCfg = Debug|x64
		{E1354F09-601F-4F26-84FB-D74079C215D2}.Debug|x64.Build.0 = Debug|x64
		{E1354F09-601F-4F26-84FB-D74079C215D2}.Debug|x86.ActiveCfg = Debug|Win32
		{E1354F09-601F-4F26-84FB-D74079C215D2}.Debug|x86.Build.0 = Debug|Win32
		{E1354F09-601F-4F26-84FB-D74079C215D2}.Release|x64.ActiveCfg = Release|x64
		{E1354F09-601F-4F26-84FB-D74079C215D2}.Release|x64.Build.0 = Release|x64
		{E1354F09-601F-4F26-84FB-D74079C215D2}.Release|x86.ActiveCfg = Release|Win32
		{E1354F09-601F-4F26-84FB-D74079C215D2}.Release|x86.Build.0 = Release|Win32
		{868FA8A3-D42A-458E-AD66-11D8ECE98152}.Debug|x64.ActiveCfg = Debug|x64
		{868FA8A3-D42A-458E-AD66-11D8ECE98152}.Debug|x64.Build.0 = Debug|x64
		{868FA8A3-D42A-458E-AD66-11D8ECE98152}.Debug|x86.ActiveCfg = Debug|Win32
		{868FA8A3-D42A-458E-AD66-11D8ECE98152}.Debug|x86.Build.0 = Debug|Win32
		{868FA8A3-D42A-458E-AD66-11D8ECE98152}.Release|x64.ActiveCfg = Release|x64
		{868FA8A3-D42A-458E-AD66-11D8ECE98152}.Release|x64.Build.0 = Release|x64
		{868FA8A3-D42A-458E-AD66-11D8ECE98152}.Release|x86.ActiveCfg = Release|Win32
		{868FA8A3-D42A-458E-AD66-11D8ECE98152}.Release|x86.Build.0 = Release|Win32
		{F6BFE7BE-AEF1-4A3F-9DB7-567ED2B945E5}.Debug|x64.ActiveCfg = Debug|x64
		{F6BFE7BE-AEF1-4A3F-9DB7-567ED2B945E5}.Debug|x64.Build.0 = Debug|x64
		{F6BFE7BE-AEF1-4A3F-9DB7-567ED2B945E5}.Debug|x86.ActiveCfg = Debug|Win32
		{F6BFE7BE-AEF1-4A3F-9DB7-567ED2B945E5}.Debug|x86.Build.0 = Debug|Win32
		{F6BFE7BE-AEF1-4A3F-9DB7-567ED2B945E5}.Release|x64.ActiveCfg = Release|x64
		{F6BFE7BE-AEF1-4A3F-9DB7-567ED2B945E5}.Release|x64.Build.0 = Release|x64
		{F6BFE7BE-AEF1-4A3F-9DB7-567ED2B945E5}.Release|x86.ActiveCfg = Release|Win32
		{F6BFE7BE-AEF1-4A3F-9DB7-567ED2B945E5}.Release|x86.Build.0 = Release|Win32
		{EF015566-65D5-4B40-9A3F-D8D622A727B7}.Debug|x64.ActiveCfg = Debug|x64
		{EF015566-65D5-4B40-9A3F-D8D622A727B7}.Debug|x64.Build.0 = Debug|x64
		{EF015566-65D5-4B40-9A3F-D8D622A727B7}.Debug|x86.ActiveCfg = Debug|Win32
		{EF015566-65D5-4B40-9A3F-D8D622A727B7}.Debug|x86.Build.0 = Debug|Win32
		{EF015566-65D5-4B40-9A3F-D8D622A727B7}.Release|x64.ActiveCfg = Release|x64
		{EF015566-65D5-4B40-9A3F-D8D622A727B7}.Release|x64.Build.0 = Release|x64
		{EF015566-65D5-4B40-9A3F-D8D622A727B7}.Release|x86.ActiveCfg = Release|Win32
		{EF015566-65D5-4B40-9A3F-D8D622A727B7}.Release|x86.Build.0 = Release|Win32
		{2079F408-E602-489F-AA0D-19B0EABACE81}.Debug|x64.ActiveCfg = Debug|x64
		{2079F408-E602-489F-AA0D-19B0EABACE81}.Debug|x64.Build.0 = Debug|x64
		{2079F408-E602-489F-AA0D-19B0EABACE81}.Debug|x86.ActiveCfg = Debug|Win32
		{2079F408-E602-489F-AA0D-19B0EABACE81}.Debug|x86.Build.0 = Debug|Win32
		{2079F408-E602-489F-AA0D-19B0EABACE81}.Release|x64.ActiveCfg = Release|x64
		{2079F408-E602-489F-AA0D-19B0EABACE81}.Release|x64.Build.0 = Release|x64
		{2079F408-E602-489F-AA0D-19B0EABACE81}.Release|x86.ActiveCfg = Release|Win32
		{2079F408-E602-489F-AA0D-19B0EABACE81}.Release|x86.Build.0 = Release|Win32
	EndGlobalSection
	GlobalSection(SolutionProperties) = preSolution
		HideSolutionNode = FALSE
	EndGlobalSection
	GlobalSection(ExtensibilityGlobals) = postSolution
		SolutionGuid = {1027F781-ACD8-41E3-8649-B9D5F28182B5}
	EndGlobalSection
EndGlobal
